{
  "name": "os-monitor",
  "version": "1.0.0",
  "lockfileVersion": 2,
  "requires": true,
  "packages": {
    "": {
      "name": "os-monitor",
      "version": "1.0.0",
      "license": "ISC",
      "dependencies": {
        "systeminformation": "^5.12.13"
      },
      "devDependencies": {
        "@types/node": "^18.11.9"
      }
    },
    "node_modules/@types/node": {
      "version": "18.11.9",
      "resolved": "https://registry.npmjs.org/@types/node/-/node-18.11.9.tgz",
      "integrity": "sha512-CRpX21/kGdzjOpFsZSkcrXMGIBWMGNIHXXBVFSH+ggkftxg+XYP20TESbh+zFvFj3EQOl5byk0HTRn1IL6hbqg==",
      "dev": true
    },
    "node_modules/systeminformation": {
      "version": "5.12.13",
      "resolved": "https://registry.npmjs.org/systeminformation/-/systeminformation-5.12.13.tgz",
      "integrity": "sha512-2z1Ul+PDkO50yGmEGKWOPk3+TeAtTkbn6PmxqzH9D3BAN53QXgbYy6+PPJmBrszXy+X7g8uwZd1WdThKZtICcg==",
      "os": [
        "darwin",
        "linux",
        "win32",
        "freebsd",
        "openbsd",
        "netbsd",
        "sunos",
        "android"
      ],
      "bin": {
        "systeminformation": "lib/cli.js"
      },
      "engines": {
        "node": ">=8.0.0"
      },
      "funding": {
        "type": "Buy me a coffee",
        "url": "https://www.buymeacoffee.com/systeminfo"
      }
    }
  },
  "dependencies": {
    "@types/node": {
      "version": "18.11.9",
      "resolved": "https://registry.npmjs.org/@types/node/-/node-18.11.9.tgz",
      "integrity": "sha512-CRpX21/kGdzjOpFsZSkcrXMGIBWMGNIHXXBVFSH+ggkftxg+XYP20TESbh+zFvFj3EQOl5byk0HTRn1IL6hbqg==",
      "dev": true
    },
    "systeminformation": {
      "version": "5.12.13",
      "resolved": "https://registry.npmjs.org/systeminformation/-/systeminformation-5.12.13.tgz",
      "integrity": "sha512-2z1Ul+PDkO50yGmEGKWOPk3+TeAtTkbn6PmxqzH9D3BAN53QXgbYy6+PPJmBrszXy+X7g8uwZd1WdThKZtICcg=="
    }
  }
}
